
Microsoft Visual Studio Solution File, Format Version 12.00
# Visual Studio Version 17
VisualStudioVersion = 17.1.32319.34
MinimumVisualStudioVersion = 10.0.40219.1
Project("{8BC9CEB8-8B4A-11D0-8D11-00A0C91BC942}") = "Zadanie1.1", "Zadanie1.1\Zadanie1.1.vcxproj", "{0480C373-2D51-42BB-83C1-37D8D9B4E60A}"
EndProject
Project("{8BC9CEB8-8B4A-11D0-8D11-00A0C91BC942}") = "Zadanie1.2", "Zadanie 1.2\Zadanie 1.2.vcxproj", "{DB18D6D7-E767-4954-BE71-A10FFA9A4B2E}"
EndProject
Project("{8BC9CEB8-8B4A-11D0-8D11-00A0C91BC942}") = "Zadanie1.3", "Zadanie1.3\Zadanie1.3.vcxproj", "{09BCCDEF-5C64-4982-9FC9-17CADBE8BDF3}"
EndProject
Project("{8BC9CEB8-8B4A-11D0-8D11-00A0C91BC942}") = "Zadanie1.4", "Zadanie1.4\Zadanie1.4.vcxproj", "{C0466DE1-D8B0-4C8D-909B-AE72CC48DBB3}"
EndProject
Project("{8BC9CEB8-8B4A-11D0-8D11-00A0C91BC942}") = "Zadanie1.5", "Zadani1.5\Zadani1.5.vcxproj", "{315590C6-AD5C-4DE6-80F9-D1A23664E30E}"
EndProject
Project("{8BC9CEB8-8B4A-11D0-8D11-00A0C91BC942}") = "Zadanie1.6", "Zadanie1.6\Zadanie1.6.vcxproj", "{CFF3C9E3-4249-412E-9D8B-39828B09E750}"
EndProject
Project("{8BC9CEB8-8B4A-11D0-8D11-00A0C91BC942}") = "Zadanie1.9", "Zadanie1.9\Zadanie1.9.vcxproj", "{2884A049-63A3-451F-A52F-6CC95A756396}"
EndProject
Project("{8BC9CEB8-8B4A-11D0-8D11-00A0C91BC942}") = "Zadanie2.1", "Zadanie2.1\Zadanie2.1.vcxproj", "{E4BE2696-81CA-47D7-A936-9B4E449980C5}"
EndProject
Project("{8BC9CEB8-8B4A-11D0-8D11-00A0C91BC942}") = "Zadanie2.2", "Zadanie2.2\Zadanie2.2.vcxproj", "{9AA0A22D-76C1-4DB6-A792-8A0AB406280A}"
EndProject
Project("{8BC9CEB8-8B4A-11D0-8D11-00A0C91BC942}") = "Zadanie2.3", "Zadanie2.4\Zadanie2.4.vcxproj", "{A985873C-B802-4BD0-9908-1D803BAF5299}"
EndProject
Project("{8BC9CEB8-8B4A-11D0-8D11-00A0C91BC942}") = "Zadanie2.4", "Zadanie\Zadanie.vcxproj", "{D85567AE-8D38-48A9-A4A1-FD9BCE7949DC}"
EndProject
Project("{8BC9CEB8-8B4A-11D0-8D11-00A0C91BC942}") = "Zadanie2.5", "Zadanie2.5\Zadanie2.5.vcxproj", "{D5FAB113-186D-41B4-8B29-9D43C6974383}"
EndProject
Project("{8BC9CEB8-8B4A-11D0-8D11-00A0C91BC942}") = "Zadanie2.6", "Zadanie2.6\Zadanie2.6.vcxproj", "{978CF7C9-E0CA-44B0-AAC6-1BF9DCD04ED2}"
EndProject
Project("{8BC9CEB8-8B4A-11D0-8D11-00A0C91BC942}") = "Zadanie3.1", "Zadanie3.1\Zadanie3.1.vcxproj", "{1517094E-6E6A-4E6F-83DE-38FB707B5860}"
EndProject
Project("{8BC9CEB8-8B4A-11D0-8D11-00A0C91BC942}") = "Zadanie3.2", "Zadanie3.2\Zadanie3.2.vcxproj", "{0C504619-3B2A-422F-9F9D-B28A98399B0E}"
EndProject
Project("{8BC9CEB8-8B4A-11D0-8D11-00A0C91BC942}") = "Zadanie3.3", "Zadanie3.3\Zadanie3.3.vcxproj", "{826E824D-A5FB-4DCC-B513-6D5E13F4FDA1}"
EndProject
Project("{8BC9CEB8-8B4A-11D0-8D11-00A0C91BC942}") = "Zadanie4.2", "Zadanie4.1\Zadanie4.1.vcxproj", "{4B72FBD0-856C-4C89-B0AD-71DC81E29D41}"
EndProject
Project("{8BC9CEB8-8B4A-11D0-8D11-00A0C91BC942}") = "Zadanie4.3", "Zadanie4.3\Zadanie4.3.vcxproj", "{BEFDCFEC-2698-4EEE-A2ED-1CA73289225A}"
EndProject
Project("{8BC9CEB8-8B4A-11D0-8D11-00A0C91BC942}") = "Zadanie4.4", "Zadanie4.4\Zadanie4.4.vcxproj", "{E7E0BB79-1F68-409A-A708-98E8C396F400}"
EndProject
Project("{8BC9CEB8-8B4A-11D0-8D11-00A0C91BC942}") = "Zadanie4.6", "Zadanie4.6\Zadanie4.6.vcxproj", "{F9738E96-FC98-4463-BBE1-7461142525F3}"
EndProject
Project("{8BC9CEB8-8B4A-11D0-8D11-00A0C91BC942}") = "Zadanie4.8", "Zadanie4.8\Zadanie4.8.vcxproj", "{BAE294A4-FB92-4812-BA9F-D574FA3BA297}"
EndProject
Project("{8BC9CEB8-8B4A-11D0-8D11-00A0C91BC942}") = "Zadanie2.6.1", "Zadanie2.6.1\Zadanie2.6.1.vcxproj", "{F082CE0E-F3BE-4EC7-B626-433CCAEE2F14}"
EndProject
Project("{8BC9CEB8-8B4A-11D0-8D11-00A0C91BC942}") = "Zadanie4.5", "Zadanie4.5\Zadanie4.5.vcxproj", "{A3E96A52-8D06-4DC5-8009-1AD4D017188A}"
EndProject
Project("{8BC9CEB8-8B4A-11D0-8D11-00A0C91BC942}") = "Zadanie4.7", "Zadanie4.7\Zadanie4.7.vcxproj", "{8775BF09-EEB7-480E-8BFF-E9B45388F93B}"
EndProject
Project("{8BC9CEB8-8B4A-11D0-8D11-00A0C91BC942}") = "Zadanie4.9", "Zadanie4.9\Zadanie4.9.vcxproj", "{4341235B-1108-4970-8760-B135977A24DD}"
EndProject
Project("{8BC9CEB8-8B4A-11D0-8D11-00A0C91BC942}") = "Zadanie4.10", "Zadanie4.10\Zadanie4.10.vcxproj", "{914902B3-1FEF-4C4B-9EEF-2F15247E26CC}"
EndProject
Project("{8BC9CEB8-8B4A-11D0-8D11-00A0C91BC942}") = "Zadanie5.1", "Zadanie5.1\Zadanie5.1.vcxproj", "{8129A622-D085-44F1-95CE-84AF7FAE8F73}"
EndProject
Project("{8BC9CEB8-8B4A-11D0-8D11-00A0C91BC942}") = "Zadanie5.2", "Zadanie5.2\Zadanie5.2.vcxproj", "{1F22F541-1683-4816-9178-EA3BF0EDF8FB}"
EndProject
Project("{8BC9CEB8-8B4A-11D0-8D11-00A0C91BC942}") = "Zadanie5.3", "Zadanie5.3\Zadanie5.3.vcxproj", "{DD6EE826-6E03-46C6-94B1-98F0873D0E26}"
EndProject
Project("{8BC9CEB8-8B4A-11D0-8D11-00A0C91BC942}") = "Zadanie5.1.1", "Zadanie5.1.1\Zadanie5.1.1.vcxproj", "{B91A16ED-DE8A-4A72-83B4-ACFF87D7404E}"
EndProject
Project("{8BC9CEB8-8B4A-11D0-8D11-00A0C91BC942}") = "Zadanie5.7", "Zadanie5.7\Zadanie5.7.vcxproj", "{445D2DB7-01CF-4CEA-8BF4-B2201E20225E}"
EndProject
Project("{8BC9CEB8-8B4A-11D0-8D11-00A0C91BC942}") = "Zadanie5.8", "Zadanie5.8\Zadanie5.8.vcxproj", "{2D941B95-ED10-4FC6-9689-991D389BCD0F}"
EndProject
Project("{8BC9CEB8-8B4A-11D0-8D11-00A0C91BC942}") = "Brudnopis", "Brudnopis\Brudnopis.vcxproj", "{D442195A-A8B6-4185-9466-D92AEA3FD3C7}"
EndProject
Project("{8BC9CEB8-8B4A-11D0-8D11-00A0C91BC942}") = "Zadanie5.9", "Zadanie5.9\Zadanie5.9.vcxproj", "{63305A5F-F870-47FD-B10B-CE6C42FD5CF0}"
EndProject
Project("{8BC9CEB8-8B4A-11D0-8D11-00A0C91BC942}") = "Zadanie5.10", "Zadanie5.10\Zadanie5.10.vcxproj", "{3B40E10F-5C8B-43E0-BA66-F89CA1C36592}"
EndProject
Project("{8BC9CEB8-8B4A-11D0-8D11-00A0C91BC942}") = "Zadanie5.12", "Zadanie5.12\Zadanie5.12.vcxproj", "{B48D2962-CAB2-40DB-8C60-9797DCE52B97}"
EndProject
Project("{8BC9CEB8-8B4A-11D0-8D11-00A0C91BC942}") = "Zadanie7.1", "Zadanie7.1\Zadanie7.1.vcxproj", "{89461980-049B-4089-91FF-3155FFF1FCDD}"
EndProject
Project("{8BC9CEB8-8B4A-11D0-8D11-00A0C91BC942}") = "Zadanie7.2", "Zadanie7.2\Zadanie7.2.vcxproj", "{565ABA9E-DACC-441C-9730-E84688764DF5}"
EndProject
Project("{8BC9CEB8-8B4A-11D0-8D11-00A0C91BC942}") = "Zadanie7.3", "Zadanie7.3\Zadanie7.3.vcxproj", "{A3E2BFEA-6F6B-40EA-A1CC-FCA085570F5E}"
EndProject
Project("{8BC9CEB8-8B4A-11D0-8D11-00A0C91BC942}") = "Zadanie7.4", "Zadanie7.4\Zadanie7.4.vcxproj", "{40636DF9-ED05-4CCA-A229-84B183F5659F}"
EndProject
Project("{8BC9CEB8-8B4A-11D0-8D11-00A0C91BC942}") = "Zadanie7.5", "Zadanie7.5\Zadanie7.5.vcxproj", "{5247CE1C-601D-4819-999F-0CC269DA3B2A}"
EndProject
Project("{8BC9CEB8-8B4A-11D0-8D11-00A0C91BC942}") = "Zadanie6.1", "Zadanie6.1\Zadanie6.1.vcxproj", "{6791C2F7-EEE4-4B20-9197-97E3B8AAF022}"
EndProject
Project("{8BC9CEB8-8B4A-11D0-8D11-00A0C91BC942}") = "Zadanie6.1b", "Zadanie6.1b\Zadanie6.1b.vcxproj", "{0F3DD927-52BA-456E-8632-049FC3253AAB}"
EndProject
Project("{8BC9CEB8-8B4A-11D0-8D11-00A0C91BC942}") = "Zadanie7.8", "Zadanie7.8\Zadanie7.8.vcxproj", "{BF7C1905-CAED-44FA-9625-478BF16326AB}"
EndProject
Project("{8BC9CEB8-8B4A-11D0-8D11-00A0C91BC942}") = "Zadanie7.11", "Zadanie7.11\Zadanie7.11.vcxproj", "{D6E4562D-D2FC-44F6-A65B-DFC2A613182B}"
EndProject
Global
	GlobalSection(SolutionConfigurationPlatforms) = preSolution
		Debug|x64 = Debug|x64
		Debug|x86 = Debug|x86
		Release|x64 = Release|x64
		Release|x86 = Release|x86
	EndGlobalSection
	GlobalSection(ProjectConfigurationPlatforms) = postSolution
		{0480C373-2D51-42BB-83C1-37D8D9B4E60A}.Debug|x64.ActiveCfg = Debug|x64
		{0480C373-2D51-42BB-83C1-37D8D9B4E60A}.Debug|x64.Build.0 = Debug|x64
		{0480C373-2D51-42BB-83C1-37D8D9B4E60A}.Debug|x86.ActiveCfg = Debug|Win32
		{0480C373-2D51-42BB-83C1-37D8D9B4E60A}.Debug|x86.Build.0 = Debug|Win32
		{0480C373-2D51-42BB-83C1-37D8D9B4E60A}.Release|x64.ActiveCfg = Release|x64
		{0480C373-2D51-42BB-83C1-37D8D9B4E60A}.Release|x64.Build.0 = Release|x64
		{0480C373-2D51-42BB-83C1-37D8D9B4E60A}.Release|x86.ActiveCfg = Release|Win32
		{0480C373-2D51-42BB-83C1-37D8D9B4E60A}.Release|x86.Build.0 = Release|Win32
		{DB18D6D7-E767-4954-BE71-A10FFA9A4B2E}.Debug|x64.ActiveCfg = Debug|x64
		{DB18D6D7-E767-4954-BE71-A10FFA9A4B2E}.Debug|x64.Build.0 = Debug|x64
		{DB18D6D7-E767-4954-BE71-A10FFA9A4B2E}.Debug|x86.ActiveCfg = Debug|Win32
		{DB18D6D7-E767-4954-BE71-A10FFA9A4B2E}.Debug|x86.Build.0 = Debug|Win32
		{DB18D6D7-E767-4954-BE71-A10FFA9A4B2E}.Release|x64.ActiveCfg = Release|x64
		{DB18D6D7-E767-4954-BE71-A10FFA9A4B2E}.Release|x64.Build.0 = Release|x64
		{DB18D6D7-E767-4954-BE71-A10FFA9A4B2E}.Release|x86.ActiveCfg = Release|Win32
		{DB18D6D7-E767-4954-BE71-A10FFA9A4B2E}.Release|x86.Build.0 = Release|Win32
		{09BCCDEF-5C64-4982-9FC9-17CADBE8BDF3}.Debug|x64.ActiveCfg = Debug|x64
		{09BCCDEF-5C64-4982-9FC9-17CADBE8BDF3}.Debug|x64.Build.0 = Debug|x64
		{09BCCDEF-5C64-4982-9FC9-17CADBE8BDF3}.Debug|x86.ActiveCfg = Debug|Win32
		{09BCCDEF-5C64-4982-9FC9-17CADBE8BDF3}.Debug|x86.Build.0 = Debug|Win32
		{09BCCDEF-5C64-4982-9FC9-17CADBE8BDF3}.Release|x64.ActiveCfg = Release|x64
		{09BCCDEF-5C64-4982-9FC9-17CADBE8BDF3}.Release|x64.Build.0 = Release|x64
		{09BCCDEF-5C64-4982-9FC9-17CADBE8BDF3}.Release|x86.ActiveCfg = Release|Win32
		{09BCCDEF-5C64-4982-9FC9-17CADBE8BDF3}.Release|x86.Build.0 = Release|Win32
		{C0466DE1-D8B0-4C8D-909B-AE72CC48DBB3}.Debug|x64.ActiveCfg = Debug|x64
		{C0466DE1-D8B0-4C8D-909B-AE72CC48DBB3}.Debug|x64.Build.0 = Debug|x64
		{C0466DE1-D8B0-4C8D-909B-AE72CC48DBB3}.Debug|x86.ActiveCfg = Debug|Win32
		{C0466DE1-D8B0-4C8D-909B-AE72CC48DBB3}.Debug|x86.Build.0 = Debug|Win32
		{C0466DE1-D8B0-4C8D-909B-AE72CC48DBB3}.Release|x64.ActiveCfg = Release|x64
		{C0466DE1-D8B0-4C8D-909B-AE72CC48DBB3}.Release|x64.Build.0 = Release|x64
		{C0466DE1-D8B0-4C8D-909B-AE72CC48DBB3}.Release|x86.ActiveCfg = Release|Win32
		{C0466DE1-D8B0-4C8D-909B-AE72CC48DBB3}.Release|x86.Build.0 = Release|Win32
		{315590C6-AD5C-4DE6-80F9-D1A23664E30E}.Debug|x64.ActiveCfg = Debug|x64
		{315590C6-AD5C-4DE6-80F9-D1A23664E30E}.Debug|x64.Build.0 = Debug|x64
		{315590C6-AD5C-4DE6-80F9-D1A23664E30E}.Debug|x86.ActiveCfg = Debug|Win32
		{315590C6-AD5C-4DE6-80F9-D1A23664E30E}.Debug|x86.Build.0 = Debug|Win32
		{315590C6-AD5C-4DE6-80F9-D1A23664E30E}.Release|x64.ActiveCfg = Release|x64
		{315590C6-AD5C-4DE6-80F9-D1A23664E30E}.Release|x64.Build.0 = Release|x64
		{315590C6-AD5C-4DE6-80F9-D1A23664E30E}.Release|x86.ActiveCfg = Release|Win32
		{315590C6-AD5C-4DE6-80F9-D1A23664E30E}.Release|x86.Build.0 = Release|Win32
		{CFF3C9E3-4249-412E-9D8B-39828B09E750}.Debug|x64.ActiveCfg = Debug|x64
		{CFF3C9E3-4249-412E-9D8B-39828B09E750}.Debug|x64.Build.0 = Debug|x64
		{CFF3C9E3-4249-412E-9D8B-39828B09E750}.Debug|x86.ActiveCfg = Debug|Win32
		{CFF3C9E3-4249-412E-9D8B-39828B09E750}.Debug|x86.Build.0 = Debug|Win32
		{CFF3C9E3-4249-412E-9D8B-39828B09E750}.Release|x64.ActiveCfg = Release|x64
		{CFF3C9E3-4249-412E-9D8B-39828B09E750}.Release|x64.Build.0 = Release|x64
		{CFF3C9E3-4249-412E-9D8B-39828B09E750}.Release|x86.ActiveCfg = Release|Win32
		{CFF3C9E3-4249-412E-9D8B-39828B09E750}.Release|x86.Build.0 = Release|Win32
		{2884A049-63A3-451F-A52F-6CC95A756396}.Debug|x64.ActiveCfg = Debug|x64
		{2884A049-63A3-451F-A52F-6CC95A756396}.Debug|x64.Build.0 = Debug|x64
		{2884A049-63A3-451F-A52F-6CC95A756396}.Debug|x86.ActiveCfg = Debug|Win32
		{2884A049-63A3-451F-A52F-6CC95A756396}.Debug|x86.Build.0 = Debug|Win32
		{2884A049-63A3-451F-A52F-6CC95A756396}.Release|x64.ActiveCfg = Release|x64
		{2884A049-63A3-451F-A52F-6CC95A756396}.Release|x64.Build.0 = Release|x64
		{2884A049-63A3-451F-A52F-6CC95A756396}.Release|x86.ActiveCfg = Release|Win32
		{2884A049-63A3-451F-A52F-6CC95A756396}.Release|x86.Build.0 = Release|Win32
		{E4BE2696-81CA-47D7-A936-9B4E449980C5}.Debug|x64.ActiveCfg = Debug|x64
		{E4BE2696-81CA-47D7-A936-9B4E449980C5}.Debug|x64.Build.0 = Debug|x64
		{E4BE2696-81CA-47D7-A936-9B4E449980C5}.Debug|x86.ActiveCfg = Debug|Win32
		{E4BE2696-81CA-47D7-A936-9B4E449980C5}.Debug|x86.Build.0 = Debug|Win32
		{E4BE2696-81CA-47D7-A936-9B4E449980C5}.Release|x64.ActiveCfg = Release|x64
		{E4BE2696-81CA-47D7-A936-9B4E449980C5}.Release|x64.Build.0 = Release|x64
		{E4BE2696-81CA-47D7-A936-9B4E449980C5}.Release|x86.ActiveCfg = Release|Win32
		{E4BE2696-81CA-47D7-A936-9B4E449980C5}.Release|x86.Build.0 = Release|Win32
		{9AA0A22D-76C1-4DB6-A792-8A0AB406280A}.Debug|x64.ActiveCfg = Debug|x64
		{9AA0A22D-76C1-4DB6-A792-8A0AB406280A}.Debug|x64.Build.0 = Debug|x64
		{9AA0A22D-76C1-4DB6-A792-8A0AB406280A}.Debug|x86.ActiveCfg = Debug|Win32
		{9AA0A22D-76C1-4DB6-A792-8A0AB406280A}.Debug|x86.Build.0 = Debug|Win32
		{9AA0A22D-76C1-4DB6-A792-8A0AB406280A}.Release|x64.ActiveCfg = Release|x64
		{9AA0A22D-76C1-4DB6-A792-8A0AB406280A}.Release|x64.Build.0 = Release|x64
		{9AA0A22D-76C1-4DB6-A792-8A0AB406280A}.Release|x86.ActiveCfg = Release|Win32
		{9AA0A22D-76C1-4DB6-A792-8A0AB406280A}.Release|x86.Build.0 = Release|Win32
		{A985873C-B802-4BD0-9908-1D803BAF5299}.Debug|x64.ActiveCfg = Debug|x64
		{A985873C-B802-4BD0-9908-1D803BAF5299}.Debug|x64.Build.0 = Debug|x64
		{A985873C-B802-4BD0-9908-1D803BAF5299}.Debug|x86.ActiveCfg = Debug|Win32
		{A985873C-B802-4BD0-9908-1D803BAF5299}.Debug|x86.Build.0 = Debug|Win32
		{A985873C-B802-4BD0-9908-1D803BAF5299}.Release|x64.ActiveCfg = Release|x64
		{A985873C-B802-4BD0-9908-1D803BAF5299}.Release|x64.Build.0 = Release|x64
		{A985873C-B802-4BD0-9908-1D803BAF5299}.Release|x86.ActiveCfg = Release|Win32
		{A985873C-B802-4BD0-9908-1D803BAF5299}.Release|x86.Build.0 = Release|Win32
		{D85567AE-8D38-48A9-A4A1-FD9BCE7949DC}.Debug|x64.ActiveCfg = Debug|x64
		{D85567AE-8D38-48A9-A4A1-FD9BCE7949DC}.Debug|x64.Build.0 = Debug|x64
		{D85567AE-8D38-48A9-A4A1-FD9BCE7949DC}.Debug|x86.ActiveCfg = Debug|Win32
		{D85567AE-8D38-48A9-A4A1-FD9BCE7949DC}.Debug|x86.Build.0 = Debug|Win32
		{D85567AE-8D38-48A9-A4A1-FD9BCE7949DC}.Release|x64.ActiveCfg = Release|x64
		{D85567AE-8D38-48A9-A4A1-FD9BCE7949DC}.Release|x64.Build.0 = Release|x64
		{D85567AE-8D38-48A9-A4A1-FD9BCE7949DC}.Release|x86.ActiveCfg = Release|Win32
		{D85567AE-8D38-48A9-A4A1-FD9BCE7949DC}.Release|x86.Build.0 = Release|Win32
		{D5FAB113-186D-41B4-8B29-9D43C6974383}.Debug|x64.ActiveCfg = Debug|x64
		{D5FAB113-186D-41B4-8B29-9D43C6974383}.Debug|x64.Build.0 = Debug|x64
		{D5FAB113-186D-41B4-8B29-9D43C6974383}.Debug|x86.ActiveCfg = Debug|Win32
		{D5FAB113-186D-41B4-8B29-9D43C6974383}.Debug|x86.Build.0 = Debug|Win32
		{D5FAB113-186D-41B4-8B29-9D43C6974383}.Release|x64.ActiveCfg = Release|x64
		{D5FAB113-186D-41B4-8B29-9D43C6974383}.Release|x64.Build.0 = Release|x64
		{D5FAB113-186D-41B4-8B29-9D43C6974383}.Release|x86.ActiveCfg = Release|Win32
		{D5FAB113-186D-41B4-8B29-9D43C6974383}.Release|x86.Build.0 = Release|Win32
		{978CF7C9-E0CA-44B0-AAC6-1BF9DCD04ED2}.Debug|x64.ActiveCfg = Debug|x64
		{978CF7C9-E0CA-44B0-AAC6-1BF9DCD04ED2}.Debug|x64.Build.0 = Debug|x64
		{978CF7C9-E0CA-44B0-AAC6-1BF9DCD04ED2}.Debug|x86.ActiveCfg = Debug|Win32
		{978CF7C9-E0CA-44B0-AAC6-1BF9DCD04ED2}.Debug|x86.Build.0 = Debug|Win32
		{978CF7C9-E0CA-44B0-AAC6-1BF9DCD04ED2}.Release|x64.ActiveCfg = Release|x64
		{978CF7C9-E0CA-44B0-AAC6-1BF9DCD04ED2}.Release|x64.Build.0 = Release|x64
		{978CF7C9-E0CA-44B0-AAC6-1BF9DCD04ED2}.Release|x86.ActiveCfg = Release|Win32
		{978CF7C9-E0CA-44B0-AAC6-1BF9DCD04ED2}.Release|x86.Build.0 = Release|Win32
		{1517094E-6E6A-4E6F-83DE-38FB707B5860}.Debug|x64.ActiveCfg = Debug|x64
		{1517094E-6E6A-4E6F-83DE-38FB707B5860}.Debug|x64.Build.0 = Debug|x64
		{1517094E-6E6A-4E6F-83DE-38FB707B5860}.Debug|x86.ActiveCfg = Debug|Win32
		{1517094E-6E6A-4E6F-83DE-38FB707B5860}.Debug|x86.Build.0 = Debug|Win32
		{1517094E-6E6A-4E6F-83DE-38FB707B5860}.Release|x64.ActiveCfg = Release|x64
		{1517094E-6E6A-4E6F-83DE-38FB707B5860}.Release|x64.Build.0 = Release|x64
		{1517094E-6E6A-4E6F-83DE-38FB707B5860}.Release|x86.ActiveCfg = Release|Win32
		{1517094E-6E6A-4E6F-83DE-38FB707B5860}.Release|x86.Build.0 = Release|Win32
		{0C504619-3B2A-422F-9F9D-B28A98399B0E}.Debug|x64.ActiveCfg = Debug|x64
		{0C504619-3B2A-422F-9F9D-B28A98399B0E}.Debug|x64.Build.0 = Debug|x64
		{0C504619-3B2A-422F-9F9D-B28A98399B0E}.Debug|x86.ActiveCfg = Debug|Win32
		{0C504619-3B2A-422F-9F9D-B28A98399B0E}.Debug|x86.Build.0 = Debug|Win32
		{0C504619-3B2A-422F-9F9D-B28A98399B0E}.Release|x64.ActiveCfg = Release|x64
		{0C504619-3B2A-422F-9F9D-B28A98399B0E}.Release|x64.Build.0 = Release|x64
		{0C504619-3B2A-422F-9F9D-B28A98399B0E}.Release|x86.ActiveCfg = Release|Win32
		{0C504619-3B2A-422F-9F9D-B28A98399B0E}.Release|x86.Build.0 = Release|Win32
		{826E824D-A5FB-4DCC-B513-6D5E13F4FDA1}.Debug|x64.ActiveCfg = Debug|x64
		{826E824D-A5FB-4DCC-B513-6D5E13F4FDA1}.Debug|x64.Build.0 = Debug|x64
		{826E824D-A5FB-4DCC-B513-6D5E13F4FDA1}.Debug|x86.ActiveCfg = Debug|Win32
		{826E824D-A5FB-4DCC-B513-6D5E13F4FDA1}.Debug|x86.Build.0 = Debug|Win32
		{826E824D-A5FB-4DCC-B513-6D5E13F4FDA1}.Release|x64.ActiveCfg = Release|x64
		{826E824D-A5FB-4DCC-B513-6D5E13F4FDA1}.Release|x64.Build.0 = Release|x64
		{826E824D-A5FB-4DCC-B513-6D5E13F4FDA1}.Release|x86.ActiveCfg = Release|Win32
		{826E824D-A5FB-4DCC-B513-6D5E13F4FDA1}.Release|x86.Build.0 = Release|Win32
		{4B72FBD0-856C-4C89-B0AD-71DC81E29D41}.Debug|x64.ActiveCfg = Debug|x64
		{4B72FBD0-856C-4C89-B0AD-71DC81E29D41}.Debug|x64.Build.0 = Debug|x64
		{4B72FBD0-856C-4C89-B0AD-71DC81E29D41}.Debug|x86.ActiveCfg = Debug|Win32
		{4B72FBD0-856C-4C89-B0AD-71DC81E29D41}.Debug|x86.Build.0 = Debug|Win32
		{4B72FBD0-856C-4C89-B0AD-71DC81E29D41}.Release|x64.ActiveCfg = Release|x64
		{4B72FBD0-856C-4C89-B0AD-71DC81E29D41}.Release|x64.Build.0 = Release|x64
		{4B72FBD0-856C-4C89-B0AD-71DC81E29D41}.Release|x86.ActiveCfg = Release|Win32
		{4B72FBD0-856C-4C89-B0AD-71DC81E29D41}.Release|x86.Build.0 = Release|Win32
		{BEFDCFEC-2698-4EEE-A2ED-1CA73289225A}.Debug|x64.ActiveCfg = Debug|x64
		{BEFDCFEC-2698-4EEE-A2ED-1CA73289225A}.Debug|x64.Build.0 = Debug|x64
		{BEFDCFEC-2698-4EEE-A2ED-1CA73289225A}.Debug|x86.ActiveCfg = Debug|Win32
		{BEFDCFEC-2698-4EEE-A2ED-1CA73289225A}.Debug|x86.Build.0 = Debug|Win32
		{BEFDCFEC-2698-4EEE-A2ED-1CA73289225A}.Release|x64.ActiveCfg = Release|x64
		{BEFDCFEC-2698-4EEE-A2ED-1CA73289225A}.Release|x64.Build.0 = Release|x64
		{BEFDCFEC-2698-4EEE-A2ED-1CA73289225A}.Release|x86.ActiveCfg = Release|Win32
		{BEFDCFEC-2698-4EEE-A2ED-1CA73289225A}.Release|x86.Build.0 = Release|Win32
		{E7E0BB79-1F68-409A-A708-98E8C396F400}.Debug|x64.ActiveCfg = Debug|x64
		{E7E0BB79-1F68-409A-A708-98E8C396F400}.Debug|x64.Build.0 = Debug|x64
		{E7E0BB79-1F68-409A-A708-98E8C396F400}.Debug|x86.ActiveCfg = Debug|Win32
		{E7E0BB79-1F68-409A-A708-98E8C396F400}.Debug|x86.Build.0 = Debug|Win32
		{E7E0BB79-1F68-409A-A708-98E8C396F400}.Release|x64.ActiveCfg = Release|x64
		{E7E0BB79-1F68-409A-A708-98E8C396F400}.Release|x64.Build.0 = Release|x64
		{E7E0BB79-1F68-409A-A708-98E8C396F400}.Release|x86.ActiveCfg = Release|Win32
		{E7E0BB79-1F68-409A-A708-98E8C396F400}.Release|x86.Build.0 = Release|Win32
		{F9738E96-FC98-4463-BBE1-7461142525F3}.Debug|x64.ActiveCfg = Debug|x64
		{F9738E96-FC98-4463-BBE1-7461142525F3}.Debug|x64.Build.0 = Debug|x64
		{F9738E96-FC98-4463-BBE1-7461142525F3}.Debug|x86.ActiveCfg = Debug|Win32
		{F9738E96-FC98-4463-BBE1-7461142525F3}.Debug|x86.Build.0 = Debug|Win32
		{F9738E96-FC98-4463-BBE1-7461142525F3}.Release|x64.ActiveCfg = Release|x64
		{F9738E96-FC98-4463-BBE1-7461142525F3}.Release|x64.Build.0 = Release|x64
		{F9738E96-FC98-4463-BBE1-7461142525F3}.Release|x86.ActiveCfg = Release|Win32
		{F9738E96-FC98-4463-BBE1-7461142525F3}.Release|x86.Build.0 = Release|Win32
		{BAE294A4-FB92-4812-BA9F-D574FA3BA297}.Debug|x64.ActiveCfg = Debug|x64
		{BAE294A4-FB92-4812-BA9F-D574FA3BA297}.Debug|x64.Build.0 = Debug|x64
		{BAE294A4-FB92-4812-BA9F-D574FA3BA297}.Debug|x86.ActiveCfg = Debug|Win32
		{BAE294A4-FB92-4812-BA9F-D574FA3BA297}.Debug|x86.Build.0 = Debug|Win32
		{BAE294A4-FB92-4812-BA9F-D574FA3BA297}.Release|x64.ActiveCfg = Release|x64
		{BAE294A4-FB92-4812-BA9F-D574FA3BA297}.Release|x64.Build.0 = Release|x64
		{BAE294A4-FB92-4812-BA9F-D574FA3BA297}.Release|x86.ActiveCfg = Release|Win32
		{BAE294A4-FB92-4812-BA9F-D574FA3BA297}.Release|x86.Build.0 = Release|Win32
		{F082CE0E-F3BE-4EC7-B626-433CCAEE2F14}.Debug|x64.ActiveCfg = Debug|x64
		{F082CE0E-F3BE-4EC7-B626-433CCAEE2F14}.Debug|x64.Build.0 = Debug|x64
		{F082CE0E-F3BE-4EC7-B626-433CCAEE2F14}.Debug|x86.ActiveCfg = Debug|Win32
		{F082CE0E-F3BE-4EC7-B626-433CCAEE2F14}.Debug|x86.Build.0 = Debug|Win32
		{F082CE0E-F3BE-4EC7-B626-433CCAEE2F14}.Release|x64.ActiveCfg = Release|x64
		{F082CE0E-F3BE-4EC7-B626-433CCAEE2F14}.Release|x64.Build.0 = Release|x64
		{F082CE0E-F3BE-4EC7-B626-433CCAEE2F14}.Release|x86.ActiveCfg = Release|Win32
		{F082CE0E-F3BE-4EC7-B626-433CCAEE2F14}.Release|x86.Build.0 = Release|Win32
		{A3E96A52-8D06-4DC5-8009-1AD4D017188A}.Debug|x64.ActiveCfg = Debug|x64
		{A3E96A52-8D06-4DC5-8009-1AD4D017188A}.Debug|x64.Build.0 = Debug|x64
		{A3E96A52-8D06-4DC5-8009-1AD4D017188A}.Debug|x86.ActiveCfg = Debug|Win32
		{A3E96A52-8D06-4DC5-8009-1AD4D017188A}.Debug|x86.Build.0 = Debug|Win32
		{A3E96A52-8D06-4DC5-8009-1AD4D017188A}.Release|x64.ActiveCfg = Release|x64
		{A3E96A52-8D06-4DC5-8009-1AD4D017188A}.Release|x64.Build.0 = Release|x64
		{A3E96A52-8D06-4DC5-8009-1AD4D017188A}.Release|x86.ActiveCfg = Release|Win32
		{A3E96A52-8D06-4DC5-8009-1AD4D017188A}.Release|x86.Build.0 = Release|Win32
		{8775BF09-EEB7-480E-8BFF-E9B45388F93B}.Debug|x64.ActiveCfg = Debug|x64
		{8775BF09-EEB7-480E-8BFF-E9B45388F93B}.Debug|x64.Build.0 = Debug|x64
		{8775BF09-EEB7-480E-8BFF-E9B45388F93B}.Debug|x86.ActiveCfg = Debug|Win32
		{8775BF09-EEB7-480E-8BFF-E9B45388F93B}.Debug|x86.Build.0 = Debug|Win32
		{8775BF09-EEB7-480E-8BFF-E9B45388F93B}.Release|x64.ActiveCfg = Release|x64
		{8775BF09-EEB7-480E-8BFF-E9B45388F93B}.Release|x64.Build.0 = Release|x64
		{8775BF09-EEB7-480E-8BFF-E9B45388F93B}.Release|x86.ActiveCfg = Release|Win32
		{8775BF09-EEB7-480E-8BFF-E9B45388F93B}.Release|x86.Build.0 = Release|Win32
		{4341235B-1108-4970-8760-B135977A24DD}.Debug|x64.ActiveCfg = Debug|x64
		{4341235B-1108-4970-8760-B135977A24DD}.Debug|x64.Build.0 = Debug|x64
		{4341235B-1108-4970-8760-B135977A24DD}.Debug|x86.ActiveCfg = Debug|Win32
		{4341235B-1108-4970-8760-B135977A24DD}.Debug|x86.Build.0 = Debug|Win32
		{4341235B-1108-4970-8760-B135977A24DD}.Release|x64.ActiveCfg = Release|x64
		{4341235B-1108-4970-8760-B135977A24DD}.Release|x64.Build.0 = Release|x64
		{4341235B-1108-4970-8760-B135977A24DD}.Release|x86.ActiveCfg = Release|Win32
		{4341235B-1108-4970-8760-B135977A24DD}.Release|x86.Build.0 = Release|Win32
		{914902B3-1FEF-4C4B-9EEF-2F15247E26CC}.Debug|x64.ActiveCfg = Debug|x64
		{914902B3-1FEF-4C4B-9EEF-2F15247E26CC}.Debug|x64.Build.0 = Debug|x64
		{914902B3-1FEF-4C4B-9EEF-2F15247E26CC}.Debug|x86.ActiveCfg = Debug|Win32
		{914902B3-1FEF-4C4B-9EEF-2F15247E26CC}.Debug|x86.Build.0 = Debug|Win32
		{914902B3-1FEF-4C4B-9EEF-2F15247E26CC}.Release|x64.ActiveCfg = Release|x64
		{914902B3-1FEF-4C4B-9EEF-2F15247E26CC}.Release|x64.Build.0 = Release|x64
		{914902B3-1FEF-4C4B-9EEF-2F15247E26CC}.Release|x86.ActiveCfg = Release|Win32
		{914902B3-1FEF-4C4B-9EEF-2F15247E26CC}.Release|x86.Build.0 = Release|Win32
		{8129A622-D085-44F1-95CE-84AF7FAE8F73}.Debug|x64.ActiveCfg = Debug|x64
		{8129A622-D085-44F1-95CE-84AF7FAE8F73}.Debug|x64.Build.0 = Debug|x64
		{8129A622-D085-44F1-95CE-84AF7FAE8F73}.Debug|x86.ActiveCfg = Debug|Win32
		{8129A622-D085-44F1-95CE-84AF7FAE8F73}.Debug|x86.Build.0 = Debug|Win32
		{8129A622-D085-44F1-95CE-84AF7FAE8F73}.Release|x64.ActiveCfg = Release|x64
		{8129A622-D085-44F1-95CE-84AF7FAE8F73}.Release|x64.Build.0 = Release|x64
		{8129A622-D085-44F1-95CE-84AF7FAE8F73}.Release|x86.ActiveCfg = Release|Win32
		{8129A622-D085-44F1-95CE-84AF7FAE8F73}.Release|x86.Build.0 = Release|Win32
		{1F22F541-1683-4816-9178-EA3BF0EDF8FB}.Debug|x64.ActiveCfg = Debug|x64
		{1F22F541-1683-4816-9178-EA3BF0EDF8FB}.Debug|x64.Build.0 = Debug|x64
		{1F22F541-1683-4816-9178-EA3BF0EDF8FB}.Debug|x86.ActiveCfg = Debug|Win32
		{1F22F541-1683-4816-9178-EA3BF0EDF8FB}.Debug|x86.Build.0 = Debug|Win32
		{1F22F541-1683-4816-9178-EA3BF0EDF8FB}.Release|x64.ActiveCfg = Release|x64
		{1F22F541-1683-4816-9178-EA3BF0EDF8FB}.Release|x64.Build.0 = Release|x64
		{1F22F541-1683-4816-9178-EA3BF0EDF8FB}.Release|x86.ActiveCfg = Release|Win32
		{1F22F541-1683-4816-9178-EA3BF0EDF8FB}.Release|x86.Build.0 = Release|Win32
		{DD6EE826-6E03-46C6-94B1-98F0873D0E26}.Debug|x64.ActiveCfg = Debug|x64
		{DD6EE826-6E03-46C6-94B1-98F0873D0E26}.Debug|x64.Build.0 = Debug|x64
		{DD6EE826-6E03-46C6-94B1-98F0873D0E26}.Debug|x86.ActiveCfg = Debug|Win32
		{DD6EE826-6E03-46C6-94B1-98F0873D0E26}.Debug|x86.Build.0 = Debug|Win32
		{DD6EE826-6E03-46C6-94B1-98F0873D0E26}.Release|x64.ActiveCfg = Release|x64
		{DD6EE826-6E03-46C6-94B1-98F0873D0E26}.Release|x64.Build.0 = Release|x64
		{DD6EE826-6E03-46C6-94B1-98F0873D0E26}.Release|x86.ActiveCfg = Release|Win32
		{DD6EE826-6E03-46C6-94B1-98F0873D0E26}.Release|x86.Build.0 = Release|Win32
		{B91A16ED-DE8A-4A72-83B4-ACFF87D7404E}.Debug|x64.ActiveCfg = Debug|x64
		{B91A16ED-DE8A-4A72-83B4-ACFF87D7404E}.Debug|x64.Build.0 = Debug|x64
		{B91A16ED-DE8A-4A72-83B4-ACFF87D7404E}.Debug|x86.ActiveCfg = Debug|Win32
		{B91A16ED-DE8A-4A72-83B4-ACFF87D7404E}.Debug|x86.Build.0 = Debug|Win32
		{B91A16ED-DE8A-4A72-83B4-ACFF87D7404E}.Release|x64.ActiveCfg = Release|x64
		{B91A16ED-DE8A-4A72-83B4-ACFF87D7404E}.Release|x64.Build.0 = Release|x64
		{B91A16ED-DE8A-4A72-83B4-ACFF87D7404E}.Release|x86.ActiveCfg = Release|Win32
		{B91A16ED-DE8A-4A72-83B4-ACFF87D7404E}.Release|x86.Build.0 = Release|Win32
		{445D2DB7-01CF-4CEA-8BF4-B2201E20225E}.Debug|x64.ActiveCfg = Debug|x64
		{445D2DB7-01CF-4CEA-8BF4-B2201E20225E}.Debug|x64.Build.0 = Debug|x64
		{445D2DB7-01CF-4CEA-8BF4-B2201E20225E}.Debug|x86.ActiveCfg = Debug|Win32
		{445D2DB7-01CF-4CEA-8BF4-B2201E20225E}.Debug|x86.Build.0 = Debug|Win32
		{445D2DB7-01CF-4CEA-8BF4-B2201E20225E}.Release|x64.ActiveCfg = Release|x64
		{445D2DB7-01CF-4CEA-8BF4-B2201E20225E}.Release|x64.Build.0 = Release|x64
		{445D2DB7-01CF-4CEA-8BF4-B2201E20225E}.Release|x86.ActiveCfg = Release|Win32
		{445D2DB7-01CF-4CEA-8BF4-B2201E20225E}.Release|x86.Build.0 = Release|Win32
		{2D941B95-ED10-4FC6-9689-991D389BCD0F}.Debug|x64.ActiveCfg = Debug|x64
		{2D941B95-ED10-4FC6-9689-991D389BCD0F}.Debug|x64.Build.0 = Debug|x64
		{2D941B95-ED10-4FC6-9689-991D389BCD0F}.Debug|x86.ActiveCfg = Debug|Win32
		{2D941B95-ED10-4FC6-9689-991D389BCD0F}.Debug|x86.Build.0 = Debug|Win32
		{2D941B95-ED10-4FC6-9689-991D389BCD0F}.Release|x64.ActiveCfg = Release|x64
		{2D941B95-ED10-4FC6-9689-991D389BCD0F}.Release|x64.Build.0 = Release|x64
		{2D941B95-ED10-4FC6-9689-991D389BCD0F}.Release|x86.ActiveCfg = Release|Win32
		{2D941B95-ED10-4FC6-9689-991D389BCD0F}.Release|x86.Build.0 = Release|Win32
		{D442195A-A8B6-4185-9466-D92AEA3FD3C7}.Debug|x64.ActiveCfg = Debug|x64
		{D442195A-A8B6-4185-9466-D92AEA3FD3C7}.Debug|x64.Build.0 = Debug|x64
		{D442195A-A8B6-4185-9466-D92AEA3FD3C7}.Debug|x86.ActiveCfg = Debug|Win32
		{D442195A-A8B6-4185-9466-D92AEA3FD3C7}.Debug|x86.Build.0 = Debug|Win32
		{D442195A-A8B6-4185-9466-D92AEA3FD3C7}.Release|x64.ActiveCfg = Release|x64
		{D442195A-A8B6-4185-9466-D92AEA3FD3C7}.Release|x64.Build.0 = Release|x64
		{D442195A-A8B6-4185-9466-D92AEA3FD3C7}.Release|x86.ActiveCfg = Release|Win32
		{D442195A-A8B6-4185-9466-D92AEA3FD3C7}.Release|x86.Build.0 = Release|Win32
		{63305A5F-F870-47FD-B10B-CE6C42FD5CF0}.Debug|x64.ActiveCfg = Debug|x64
		{63305A5F-F870-47FD-B10B-CE6C42FD5CF0}.Debug|x64.Build.0 = Debug|x64
		{63305A5F-F870-47FD-B10B-CE6C42FD5CF0}.Debug|x86.ActiveCfg = Debug|Win32
		{63305A5F-F870-47FD-B10B-CE6C42FD5CF0}.Debug|x86.Build.0 = Debug|Win32
		{63305A5F-F870-47FD-B10B-CE6C42FD5CF0}.Release|x64.ActiveCfg = Release|x64
		{63305A5F-F870-47FD-B10B-CE6C42FD5CF0}.Release|x64.Build.0 = Release|x64
		{63305A5F-F870-47FD-B10B-CE6C42FD5CF0}.Release|x86.ActiveCfg = Release|Win32
		{63305A5F-F870-47FD-B10B-CE6C42FD5CF0}.Release|x86.Build.0 = Release|Win32
		{3B40E10F-5C8B-43E0-BA66-F89CA1C36592}.Debug|x64.ActiveCfg = Debug|x64
		{3B40E10F-5C8B-43E0-BA66-F89CA1C36592}.Debug|x64.Build.0 = Debug|x64
		{3B40E10F-5C8B-43E0-BA66-F89CA1C36592}.Debug|x86.ActiveCfg = Debug|Win32
		{3B40E10F-5C8B-43E0-BA66-F89CA1C36592}.Debug|x86.Build.0 = Debug|Win32
		{3B40E10F-5C8B-43E0-BA66-F89CA1C36592}.Release|x64.ActiveCfg = Release|x64
		{3B40E10F-5C8B-43E0-BA66-F89CA1C36592}.Release|x64.Build.0 = Release|x64
		{3B40E10F-5C8B-43E0-BA66-F89CA1C36592}.Release|x86.ActiveCfg = Release|Win32
		{3B40E10F-5C8B-43E0-BA66-F89CA1C36592}.Release|x86.Build.0 = Release|Win32
		{B48D2962-CAB2-40DB-8C60-9797DCE52B97}.Debug|x64.ActiveCfg = Debug|x64
		{B48D2962-CAB2-40DB-8C60-9797DCE52B97}.Debug|x64.Build.0 = Debug|x64
		{B48D2962-CAB2-40DB-8C60-9797DCE52B97}.Debug|x86.ActiveCfg = Debug|Win32
		{B48D2962-CAB2-40DB-8C60-9797DCE52B97}.Debug|x86.Build.0 = Debug|Win32
		{B48D2962-CAB2-40DB-8C60-9797DCE52B97}.Release|x64.ActiveCfg = Release|x64
		{B48D2962-CAB2-40DB-8C60-9797DCE52B97}.Release|x64.Build.0 = Release|x64
		{B48D2962-CAB2-40DB-8C60-9797DCE52B97}.Release|x86.ActiveCfg = Release|Win32
		{B48D2962-CAB2-40DB-8C60-9797DCE52B97}.Release|x86.Build.0 = Release|Win32
		{89461980-049B-4089-91FF-3155FFF1FCDD}.Debug|x64.ActiveCfg = Debug|x64
		{89461980-049B-4089-91FF-3155FFF1FCDD}.Debug|x64.Build.0 = Debug|x64
		{89461980-049B-4089-91FF-3155FFF1FCDD}.Debug|x86.ActiveCfg = Debug|Win32
		{89461980-049B-4089-91FF-3155FFF1FCDD}.Debug|x86.Build.0 = Debug|Win32
		{89461980-049B-4089-91FF-3155FFF1FCDD}.Release|x64.ActiveCfg = Release|x64
		{89461980-049B-4089-91FF-3155FFF1FCDD}.Release|x64.Build.0 = Release|x64
		{89461980-049B-4089-91FF-3155FFF1FCDD}.Release|x86.ActiveCfg = Release|Win32
		{89461980-049B-4089-91FF-3155FFF1FCDD}.Release|x86.Build.0 = Release|Win32
		{565ABA9E-DACC-441C-9730-E84688764DF5}.Debug|x64.ActiveCfg = Debug|x64
		{565ABA9E-DACC-441C-9730-E84688764DF5}.Debug|x64.Build.0 = Debug|x64
		{565ABA9E-DACC-441C-9730-E84688764DF5}.Debug|x86.ActiveCfg = Debug|Win32
		{565ABA9E-DACC-441C-9730-E84688764DF5}.Debug|x86.Build.0 = Debug|Win32
		{565ABA9E-DACC-441C-9730-E84688764DF5}.Release|x64.ActiveCfg = Release|x64
		{565ABA9E-DACC-441C-9730-E84688764DF5}.Release|x64.Build.0 = Release|x64
		{565ABA9E-DACC-441C-9730-E84688764DF5}.Release|x86.ActiveCfg = Release|Win32
		{565ABA9E-DACC-441C-9730-E84688764DF5}.Release|x86.Build.0 = Release|Win32
		{A3E2BFEA-6F6B-40EA-A1CC-FCA085570F5E}.Debug|x64.ActiveCfg = Debug|x64
		{A3E2BFEA-6F6B-40EA-A1CC-FCA085570F5E}.Debug|x64.Build.0 = Debug|x64
		{A3E2BFEA-6F6B-40EA-A1CC-FCA085570F5E}.Debug|x86.ActiveCfg = Debug|Win32
		{A3E2BFEA-6F6B-40EA-A1CC-FCA085570F5E}.Debug|x86.Build.0 = Debug|Win32
		{A3E2BFEA-6F6B-40EA-A1CC-FCA085570F5E}.Release|x64.ActiveCfg = Release|x64
		{A3E2BFEA-6F6B-40EA-A1CC-FCA085570F5E}.Release|x64.Build.0 = Release|x64
		{A3E2BFEA-6F6B-40EA-A1CC-FCA085570F5E}.Release|x86.ActiveCfg = Release|Win32
		{A3E2BFEA-6F6B-40EA-A1CC-FCA085570F5E}.Release|x86.Build.0 = Release|Win32
		{40636DF9-ED05-4CCA-A229-84B183F5659F}.Debug|x64.ActiveCfg = Debug|x64
		{40636DF9-ED05-4CCA-A229-84B183F5659F}.Debug|x64.Build.0 = Debug|x64
		{40636DF9-ED05-4CCA-A229-84B183F5659F}.Debug|x86.ActiveCfg = Debug|Win32
		{40636DF9-ED05-4CCA-A229-84B183F5659F}.Debug|x86.Build.0 = Debug|Win32
		{40636DF9-ED05-4CCA-A229-84B183F5659F}.Release|x64.ActiveCfg = Release|x64
		{40636DF9-ED05-4CCA-A229-84B183F5659F}.Release|x64.Build.0 = Release|x64
		{40636DF9-ED05-4CCA-A229-84B183F5659F}.Release|x86.ActiveCfg = Release|Win32
		{40636DF9-ED05-4CCA-A229-84B183F5659F}.Release|x86.Build.0 = Release|Win32
		{5247CE1C-601D-4819-999F-0CC269DA3B2A}.Debug|x64.ActiveCfg = Debug|x64
		{5247CE1C-601D-4819-999F-0CC269DA3B2A}.Debug|x64.Build.0 = Debug|x64
		{5247CE1C-601D-4819-999F-0CC269DA3B2A}.Debug|x86.ActiveCfg = Debug|Win32
		{5247CE1C-601D-4819-999F-0CC269DA3B2A}.Debug|x86.Build.0 = Debug|Win32
		{5247CE1C-601D-4819-999F-0CC269DA3B2A}.Release|x64.ActiveCfg = Release|x64
		{5247CE1C-601D-4819-999F-0CC269DA3B2A}.Release|x64.Build.0 = Release|x64
		{5247CE1C-601D-4819-999F-0CC269DA3B2A}.Release|x86.ActiveCfg = Release|Win32
		{5247CE1C-601D-4819-999F-0CC269DA3B2A}.Release|x86.Build.0 = Release|Win32
		{6791C2F7-EEE4-4B20-9197-97E3B8AAF022}.Debug|x64.ActiveCfg = Debug|x64
		{6791C2F7-EEE4-4B20-9197-97E3B8AAF022}.Debug|x64.Build.0 = Debug|x64
		{6791C2F7-EEE4-4B20-9197-97E3B8AAF022}.Debug|x86.ActiveCfg = Debug|Win32
		{6791C2F7-EEE4-4B20-9197-97E3B8AAF022}.Debug|x86.Build.0 = Debug|Win32
		{6791C2F7-EEE4-4B20-9197-97E3B8AAF022}.Release|x64.ActiveCfg = Release|x64
		{6791C2F7-EEE4-4B20-9197-97E3B8AAF022}.Release|x64.Build.0 = Release|x64
		{6791C2F7-EEE4-4B20-9197-97E3B8AAF022}.Release|x86.ActiveCfg = Release|Win32
		{6791C2F7-EEE4-4B20-9197-97E3B8AAF022}.Release|x86.Build.0 = Release|Win32
		{0F3DD927-52BA-456E-8632-049FC3253AAB}.Debug|x64.ActiveCfg = Debug|x64
		{0F3DD927-52BA-456E-8632-049FC3253AAB}.Debug|x64.Build.0 = Debug|x64
		{0F3DD927-52BA-456E-8632-049FC3253AAB}.Debug|x86.ActiveCfg = Debug|Win32
		{0F3DD927-52BA-456E-8632-049FC3253AAB}.Debug|x86.Build.0 = Debug|Win32
		{0F3DD927-52BA-456E-8632-049FC3253AAB}.Release|x64.ActiveCfg = Release|x64
		{0F3DD927-52BA-456E-8632-049FC3253AAB}.Release|x64.Build.0 = Release|x64
		{0F3DD927-52BA-456E-8632-049FC3253AAB}.Release|x86.ActiveCfg = Release|Win32
		{0F3DD927-52BA-456E-8632-049FC3253AAB}.Release|x86.Build.0 = Release|Win32
		{BF7C1905-CAED-44FA-9625-478BF16326AB}.Debug|x64.ActiveCfg = Debug|x64
		{BF7C1905-CAED-44FA-9625-478BF16326AB}.Debug|x64.Build.0 = Debug|x64
		{BF7C1905-CAED-44FA-9625-478BF16326AB}.Debug|x86.ActiveCfg = Debug|Win32
		{BF7C1905-CAED-44FA-9625-478BF16326AB}.Debug|x86.Build.0 = Debug|Win32
		{BF7C1905-CAED-44FA-9625-478BF16326AB}.Release|x64.ActiveCfg = Release|x64
		{BF7C1905-CAED-44FA-9625-478BF16326AB}.Release|x64.Build.0 = Release|x64
		{BF7C1905-CAED-44FA-9625-478BF16326AB}.Release|x86.ActiveCfg = Release|Win32
		{BF7C1905-CAED-44FA-9625-478BF16326AB}.Release|x86.Build.0 = Release|Win32
		{D6E4562D-D2FC-44F6-A65B-DFC2A613182B}.Debug|x64.ActiveCfg = Debug|x64
		{D6E4562D-D2FC-44F6-A65B-DFC2A613182B}.Debug|x64.Build.0 = Debug|x64
		{D6E4562D-D2FC-44F6-A65B-DFC2A613182B}.Debug|x86.ActiveCfg = Debug|Win32
		{D6E4562D-D2FC-44F6-A65B-DFC2A613182B}.Debug|x86.Build.0 = Debug|Win32
		{D6E4562D-D2FC-44F6-A65B-DFC2A613182B}.Release|x64.ActiveCfg = Release|x64
		{D6E4562D-D2FC-44F6-A65B-DFC2A613182B}.Release|x64.Build.0 = Release|x64
		{D6E4562D-D2FC-44F6-A65B-DFC2A613182B}.Release|x86.ActiveCfg = Release|Win32
		{D6E4562D-D2FC-44F6-A65B-DFC2A613182B}.Release|x86.Build.0 = Release|Win32
	EndGlobalSection
	GlobalSection(SolutionProperties) = preSolution
		HideSolutionNode = FALSE
	EndGlobalSection
	GlobalSection(ExtensibilityGlobals) = postSolution
		SolutionGuid = {6532627A-92A3-4B36-9E85-615501E3ABCD}
	EndGlobalSection
EndGlobal
